// !$*UTF8*$!
{
	archiveVersion = 1;
	classes = {
	};
	objectVersion = 77;
	objects = {

/* Begin PBXContainerItemProxy section */
		FA6DD3722E6CB11B003B3152 /* PBXContainerItemProxy */ = {
			isa = PBXContainerItemProxy;
			containerPortal = FA6DD3592E6CB11A003B3152 /* Project object */;
			proxyType = 1;
			remoteGlobalIDString = FA6DD3602E6CB11A003B3152;
			remoteInfo = MacToFind;
		};
		FA6DD37C2E6CB11B003B3152 /* PBXContainerItemProxy */ = {
			isa = PBXContainerItemProxy;
			containerPortal = FA6DD3592E6CB11A003B3152 /* Project object */;
			proxyType = 1;
			remoteGlobalIDString = FA6DD3602E6CB11A003B3152;
			remoteInfo = MacToFind;
		};
/* End PBXContainerItemProxy section */

/* Begin PBXFileReference section */
		FA6DD3612E6CB11A003B3152 /* MacToFind.app */ = {isa = PBXFileReference; explicitFileType = wrapper.application; includeInIndex = 0; path = MacToFind.app; sourceTree = BUILT_PRODUCTS_DIR; };
		FA6DD3712E6CB11B003B3152 /* MacToFindTests.xctest */ = {isa = PBXFileReference; explicitFileType = wrapper.cfbundle; includeInIndex = 0; path = MacToFindTests.xctest; sourceTree = BUILT_PRODUCTS_DIR; };
		FA6DD37B2E6CB11B003B3152 /* MacToFindUITests.xctest */ = {isa = PBXFileReference; explicitFileType = wrapper.cfbundle; includeInIndex = 0; path = MacToFindUITests.xctest; sourceTree = BUILT_PRODUCTS_DIR; };
/* End PBXFileReference section */

/* Begin PBXFileSystemSynchronizedRootGroup section */
		FA6DD3632E6CB11A003B3152 /* MacToFind */ = {
			isa = PBXFileSystemSynchronizedRootGroup;
			path = MacToFind;
			sourceTree = "<group>";
		};
		FA6DD3742E6CB11B003B3152 /* MacToFindTests */ = {
			isa = PBXFileSystemSynchronizedRootGroup;
			path = MacToFindTests;
			sourceTree = "<group>";
		};
		FA6DD37E2E6CB11B003B3152 /* MacToFindUITests */ = {
			isa = PBXFileSystemSynchronizedRootGroup;
			path = MacToFindUITests;
			sourceTree = "<group>";
		};
/* End PBXFileSystemSynchronizedRootGroup section */

/* Begin PBXFrameworksBuildPhase section */
		FA6DD35E2E6CB11A003B3152 /* Frameworks */ = {
			isa = PBXFrameworksBuildPhase;
			buildActionMask = 2147483647;
			files = (
			);
			runOnlyForDeploymentPostprocessing = 0;
		};
		FA6DD36E2E6CB11B003B3152 /* Frameworks */ = {
			isa = PBXFrameworksBuildPhase;
			buildActionMask = 2147483647;
			files = (
			);
			runOnlyForDeploymentPostprocessing = 0;
		};
		FA6DD3782E6CB11B003B3152 /* Frameworks */ = {
			isa = PBXFrameworksBuildPhase;
			buildActionMask = 2147483647;
			files = (
			);
			runOnlyForDeploymentPostprocessing = 0;
		};
/* End PBXFrameworksBuildPhase section */

/* Begin PBXGroup section */
		FA6DD3582E6CB11A003B3152 = {
			isa = PBXGroup;
			children = (
				FA6DD3632E6CB11A003B3152 /* MacToFind */,
				FA6DD3742E6CB11B003B3152 /* MacToFindTests */,
				FA6DD37E2E6CB11B003B3152 /* MacToFindUITests */,
				FA6DD3622E6CB11A003B3152 /* Products */,
			);
			sourceTree = "<group>";
		};
		FA6DD3622E6CB11A003B3152 /* Products */ = {
			isa = PBXGroup;
			children = (
				FA6DD3612E6CB11A003B3152 /* MacToFind.app */,
				FA6DD3712E6CB11B003B3152 /* MacToFindTests.xctest */,
				FA6DD37B2E6CB11B003B3152 /* MacToFindUITests.xctest */,
			);
			name = Products;
			sourceTree = "<group>";
		};
/* End PBXGroup section */

/* Begin PBXNativeTarget section */
		FA6DD3602E6CB11A003B3152 /* MacToFind */ = {
			isa = PBXNativeTarget;
			buildConfigurationList = FA6DD3852E6CB11B003B3152 /* Build configuration list for PBXNativeTarget "MacToFind" */;
			buildPhases = (
				FA6DD35D2E6CB11A003B3152 /* Sources */,
				FA6DD35E2E6CB11A003B3152 /* Frameworks */,
				FA6DD35F2E6CB11A003B3152 /* Resources */,
			);
			buildRules = (
			);
			dependencies = (
			);
			fileSystemSynchronizedGroups = (
				FA6DD3632E6CB11A003B3152 /* MacToFind */,
			);
			name = MacToFind;
			packageProductDependencies = (
			);
			productName = MacToFind;
			productReference = FA6DD3612E6CB11A003B3152 /* MacToFind.app */;
			productType = "com.apple.product-type.application";
		};
		FA6DD3702E6CB11B003B3152 /* MacToFindTests */ = {
			isa = PBXNativeTarget;
			buildConfigurationList = FA6DD3882E6CB11B003B3152 /* Build configuration list for PBXNativeTarget "MacToFindTests" */;
			buildPhases = (
				FA6DD36D2E6CB11B003B3152 /* Sources */,
				FA6DD36E2E6CB11B003B3152 /* Frameworks */,
				FA6DD36F2E6CB11B003B3152 /* Resources */,
			);
			buildRules = (
			);
			dependencies = (
				FA6DD3732E6CB11B003B3152 /* PBXTargetDependency */,
			);
			fileSystemSynchronizedGroups = (
				FA6DD3742E6CB11B003B3152 /* MacToFindTests */,
			);
			name = MacToFindTests;
			packageProductDependencies = (
			);
			productName = MacToFindTests;
			productReference = FA6DD3712E6CB11B003B3152 /* MacToFindTests.xctest */;
			productType = "com.apple.product-type.bundle.unit-test";
		};
		FA6DD37A2E6CB11B003B3152 /* MacToFindUITests */ = {
			isa = PBXNativeTarget;
			buildConfigurationList = FA6DD38B2E6CB11B003B3152 /* Build configuration list for PBXNativeTarget "MacToFindUITests" */;
			buildPhases = (
				FA6DD3772E6CB11B003B3152 /* Sources */,
				FA6DD3782E6CB11B003B3152 /* Frameworks */,
				FA6DD3792E6CB11B003B3152 /* Resources */,
			);
			buildRules = (
			);
			dependencies = (
				FA6DD37D2E6CB11B003B3152 /* PBXTargetDependency */,
			);
			fileSystemSynchronizedGroups = (
				FA6DD37E2E6CB11B003B3152 /* MacToFindUITests */,
			);
			name = MacToFindUITests;
			packageProductDependencies = (
			);
			productName = MacToFindUITests;
			productReference = FA6DD37B2E6CB11B003B3152 /* MacToFindUITests.xctest */;
			productType = "com.apple.product-type.bundle.ui-testing";
		};
/* End PBXNativeTarget section */

/* Begin PBXProject section */
		FA6DD3592E6CB11A003B3152 /* Project object */ = {
			isa = PBXProject;
			attributes = {
				BuildIndependentTargetsInParallel = 1;
				LastSwiftUpdateCheck = 1630;
				LastUpgradeCheck = 1630;
				TargetAttributes = {
					FA6DD3602E6CB11A003B3152 = {
						CreatedOnToolsVersion = 16.3;
					};
					FA6DD3702E6CB11B003B3152 = {
						CreatedOnToolsVersion = 16.3;
						TestTargetID = FA6DD3602E6CB11A003B3152;
					};
					FA6DD37A2E6CB11B003B3152 = {
						CreatedOnToolsVersion = 16.3;
						TestTargetID = FA6DD3602E6CB11A003B3152;
					};
				};
			};
			buildConfigurationList = FA6DD35C2E6CB11A003B3152 /* Build configuration list for PBXProject "MacToFind" */;
			developmentRegion = en;
			hasScannedForEncodings = 0;
			knownRegions = (
				en,
				Base,
			);
			mainGroup = FA6DD3582E6CB11A003B3152;
			minimizedProjectReferenceProxies = 1;
			preferredProjectObjectVersion = 77;
			productRefGroup = FA6DD3622E6CB11A003B3152 /* Products */;
			projectDirPath = "";
			projectRoot = "";
			targets = (
				FA6DD3602E6CB11A003B3152 /* MacToFind */,
				FA6DD3702E6CB11B003B3152 /* MacToFindTests */,
				FA6DD37A2E6CB11B003B3152 /* MacToFindUITests */,
			);
		};
/* End PBXProject section */

/* Begin PBXResourcesBuildPhase section */
		FA6DD35F2E6CB11A003B3152 /* Resources */ = {
			isa = PBXResourcesBuildPhase;
			buildActionMask = 2147483647;
			files = (
			);
			runOnlyForDeploymentPostprocessing = 0;
		};
		FA6DD36F2E6CB11B003B3152 /* Resources */ = {
			isa = PBXResourcesBuildPhase;
			buildActionMask = 2147483647;
			files = (
			);
			runOnlyForDeploymentPostprocessing = 0;
		};
		FA6DD3792E6CB11B003B3152 /* Resources */ = {
			isa = PBXResourcesBuildPhase;
			buildActionMask = 2147483647;
			files = (
			);
			runOnlyForDeploymentPostprocessing = 0;
		};
/* End PBXResourcesBuildPhase section */

/* Begin PBXSourcesBuildPhase section */
		FA6DD35D2E6CB11A003B3152 /* Sources */ = {
			isa = PBXSourcesBuildPhase;
			buildActionMask = 2147483647;
			files = (
			);
			runOnlyForDeploymentPostprocessing = 0;
		};
		FA6DD36D2E6CB11B003B3152 /* Sources */ = {
			isa = PBXSourcesBuildPhase;
			buildActionMask = 2147483647;
			files = (
			);
			runOnlyForDeploymentPostprocessing = 0;
		};
		FA6DD3772E6CB11B003B3152 /* Sources */ = {
			isa = PBXSourcesBuildPhase;
			buildActionMask = 2147483647;
			files = (
			);
			runOnlyForDeploymentPostprocessing = 0;
		};
/* End PBXSourcesBuildPhase section */

/* Begin PBXTargetDependency section */
		FA6DD3732E6CB11B003B3152 /* PBXTargetDependency */ = {
			isa = PBXTargetDependency;
			target = FA6DD3602E6CB11A003B3152 /* MacToFind */;
			targetProxy = FA6DD3722E6CB11B003B3152 /* PBXContainerItemProxy */;
		};
		FA6DD37D2E6CB11B003B3152 /* PBXTargetDependency */ = {
			isa = PBXTargetDependency;
			target = FA6DD3602E6CB11A003B3152 /* MacToFind */;
			targetProxy = FA6DD37C2E6CB11B003B3152 /* PBXContainerItemProxy */;
		};
/* End PBXTargetDependency section */

/* Begin XCBuildConfiguration section */
		FA6DD3832E6CB11B003B3152 /* Debug */ = {
			isa = XCBuildConfiguration;
			buildSettings = {
				ALWAYS_SEARCH_USER_PATHS = NO;
				ASSETCATALOG_COMPILER_GENERATE_SWIFT_ASSET_SYMBOL_EXTENSIONS = YES;
				CLANG_ANALYZER_NONNULL = YES;
				CLANG_ANALYZER_NUMBER_OBJECT_CONVERSION = YES_AGGRESSIVE;
				CLANG_CXX_LANGUAGE_STANDARD = "gnu++20";
				CLANG_ENABLE_MODULES = YES;
				CLANG_ENABLE_OBJC_ARC = YES;
				CLANG_ENABLE_OBJC_WEAK = YES;
				CLANG_WARN_BLOCK_CAPTURE_AUTORELEASING = YES;
				CLANG_WARN_BOOL_CONVERSION = YES;
				CLANG_WARN_COMMA = YES;
				CLANG_WARN_CONSTANT_CONVERSION = YES;
				CLANG_WARN_DEPRECATED_OBJC_IMPLEMENTATIONS = YES;
				CLANG_WARN_DIRECT_OBJC_ISA_USAGE = YES_ERROR;
				CLANG_WARN_DOCUMENTATION_COMMENTS = YES;
				CLANG_WARN_EMPTY_BODY = YES;
				CLANG_WARN_ENUM_CONVERSION = YES;
				CLANG_WARN_INFINITE_RECURSION = YES;
				CLANG_WARN_INT_CONVERSION = YES;
				CLANG_WARN_NON_LITERAL_NULL_CONVERSION = YES;
				CLANG_WARN_OBJC_IMPLICIT_RETAIN_SELF = YES;
				CLANG_WARN_OBJC_LITERAL_CONVERSION = YES;
				CLANG_WARN_OBJC_ROOT_CLASS = YES_ERROR;
				CLANG_WARN_QUOTED_INCLUDE_IN_FRAMEWORK_HEADER = YES;
				CLANG_WARN_RANGE_LOOP_ANALYSIS = YES;
				CLANG_WARN_STRICT_PROTOTYPES = YES;
				CLANG_WARN_SUSPICIOUS_MOVE = YES;
				CLANG_WARN_UNGUARDED_AVAILABILITY = YES_AGGRESSIVE;
				CLANG_WARN_UNREACHABLE_CODE = YES;
				CLANG_WARN__DUPLICATE_METHOD_MATCH = YES;
				COPY_PHASE_STRIP = NO;
				DEBUG_INFORMATION_FORMAT = dwarf;
				ENABLE_STRICT_OBJC_MSGSEND = YES;
				ENABLE_TESTABILITY = YES;
				ENABLE_USER_SCRIPT_SANDBOXING = YES;
				GCC_C_LANGUAGE_STANDARD = gnu17;
				GCC_DYNAMIC_NO_PIC = NO;
				GCC_NO_COMMON_BLOCKS = YES;
				GCC_OPTIMIZATION_LEVEL = 0;
				GCC_PREPROCESSOR_DEFINITIONS = (
					"DEBUG=1",
					"$(inherited)",
				);
				GCC_WARN_64_TO_32_BIT_CONVERSION = YES;
				GCC_WARN_ABOUT_RETURN_TYPE = YES_ERROR;
				GCC_WARN_UNDECLARED_SELECTOR = YES;
				GCC_WARN_UNINITIALIZED_AUTOS = YES_AGGRESSIVE;
				GCC_WARN_UNUSED_FUNCTION = YES;
				GCC_WARN_UNUSED_VARIABLE = YES;
				LOCALIZATION_PREFERS_STRING_CATALOGS = YES;
				MACOSX_DEPLOYMENT_TARGET = 15.4;
				MTL_ENABLE_DEBUG_INFO = INCLUDE_SOURCE;
				MTL_FAST_MATH = YES;
				ONLY_ACTIVE_ARCH = YES;
				SDKROOT = macosx;
				SWIFT_ACTIVE_COMPILATION_CONDITIONS = "DEBUG $(inherited)";
				SWIFT_OPTIMIZATION_LEVEL = "-Onone";
			};
			name = Debug;
		};
		FA6DD3842E6CB11B003B3152 /* Release */ = {
			isa = XCBuildConfiguration;
			buildSettings = {
				ALWAYS_SEARCH_USER_PATHS = NO;
				ASSETCATALOG_COMPILER_GENERATE_SWIFT_ASSET_SYMBOL_EXTENSIONS = YES;
				CLANG_ANALYZER_NONNULL = YES;
				CLANG_ANALYZER_NUMBER_OBJECT_CONVERSION = YES_AGGRESSIVE;
				CLANG_CXX_LANGUAGE_STANDARD = "gnu++20";
				CLANG_ENABLE_MODULES = YES;
				CLANG_ENABLE_OBJC_ARC = YES;
				CLANG_ENABLE_OBJC_WEAK = YES;
				CLANG_WARN_BLOCK_CAPTURE_AUTORELEASING = YES;
				CLANG_WARN_BOOL_CONVERSION = YES;
				CLANG_WARN_COMMA = YES;
				CLANG_WARN_CONSTANT_CONVERSION = YES;
				CLANG_WARN_DEPRECATED_OBJC_IMPLEMENTATIONS = YES;
				CLANG_WARN_DIRECT_OBJC_ISA_USAGE = YES_ERROR;
				CLANG_WARN_DOCUMENTATION_COMMENTS = YES;
				CLANG_WARN_EMPTY_BODY = YES;
				CLANG_WARN_ENUM_CONVERSION = YES;
				CLANG_WARN_INFINITE_RECURSION = YES;
				CLANG_WARN_INT_CONVERSION = YES;
				CLANG_WARN_NON_LITERAL_NULL_CONVERSION = YES;
				CLANG_WARN_OBJC_IMPLICIT_RETAIN_SELF = YES;
				CLANG_WARN_OBJC_LITERAL_CONVERSION = YES;
				CLANG_WARN_OBJC_ROOT_CLASS = YES_ERROR;
				CLANG_WARN_QUOTED_INCLUDE_IN_FRAMEWORK_HEADER = YES;
				CLANG_WARN_RANGE_LOOP_ANALYSIS = YES;
				CLANG_WARN_STRICT_PROTOTYPES = YES;
				CLANG_WARN_SUSPICIOUS_MOVE = YES;
				CLANG_WARN_UNGUARDED_AVAILABILITY = YES_AGGRESSIVE;
				CLANG_WARN_UNREACHABLE_CODE = YES;
				CLANG_WARN__DUPLICATE_METHOD_MATCH = YES;
				COPY_PHASE_STRIP = NO;
				DEBUG_INFORMATION_FORMAT = "dwarf-with-dsym";
				ENABLE_NS_ASSERTIONS = NO;
				ENABLE_STRICT_OBJC_MSGSEND = YES;
				ENABLE_USER_SCRIPT_SANDBOXING = YES;
				GCC_C_LANGUAGE_STANDARD = gnu17;
				GCC_NO_COMMON_BLOCKS = YES;
				GCC_WARN_64_TO_32_BIT_CONVERSION = YES;
				GCC_WARN_ABOUT_RETURN_TYPE = YES_ERROR;
				GCC_WARN_UNDECLARED_SELECTOR = YES;
				GCC_WARN_UNINITIALIZED_AUTOS = YES_AGGRESSIVE;
				GCC_WARN_UNUSED_FUNCTION = YES;
				GCC_WARN_UNUSED_VARIABLE = YES;
				LOCALIZATION_PREFERS_STRING_CATALOGS = YES;
				MACOSX_DEPLOYMENT_TARGET = 15.4;
				MTL_ENABLE_DEBUG_INFO = NO;
				MTL_FAST_MATH = YES;
				SDKROOT = macosx;
				SWIFT_COMPILATION_MODE = wholemodule;
			};
			name = Release;
		};
		FA6DD3862E6CB11B003B3152 /* Debug */ = {
			isa = XCBuildConfiguration;
			buildSettings = {
				ASSETCATALOG_COMPILER_APPICON_NAME = AppIcon;
				ASSETCATALOG_COMPILER_GLOBAL_ACCENT_COLOR_NAME = AccentColor;
				CODE_SIGN_ENTITLEMENTS = MacToFind/MacToFind.entitlements;
				"CODE_SIGN_IDENTITY[sdk=macosx*]" = "Apple Development";
				CODE_SIGN_STYLE = Automatic;
				COMBINE_HIDPI_IMAGES = YES;
				CURRENT_PROJECT_VERSION = 2;
				DEVELOPMENT_TEAM = 7ZH63NW39S;
				ENABLE_PREVIEWS = YES;
				GENERATE_INFOPLIST_FILE = YES;
				INFOPLIST_KEY_LSUIElement = YES;
				INFOPLIST_KEY_NSHumanReadableCopyright = "";
				LD_RUNPATH_SEARCH_PATHS = (
					"$(inherited)",
					"@executable_path/../Frameworks",
				);
				MACOSX_DEPLOYMENT_TARGET = 14.0;
				MARKETING_VERSION = 1.0.0;
				PRODUCT_BUNDLE_IDENTIFIER = com.solodev.MacToFind;
				PRODUCT_NAME = "$(TARGET_NAME)";
				REGISTER_APP_GROUPS = YES;
				SWIFT_EMIT_LOC_STRINGS = YES;
				SWIFT_VERSION = 5.0;
			};
			name = Debug;
		};
		FA6DD3872E6CB11B003B3152 /* Release */ = {
			isa = XCBuildConfiguration;
			buildSettings = {
				ASSETCATALOG_COMPILER_APPICON_NAME = AppIcon;
				ASSETCATALOG_COMPILER_GLOBAL_ACCENT_COLOR_NAME = AccentColor;
				CODE_SIGN_ENTITLEMENTS = MacToFind/MacToFind.entitlements;
				"CODE_SIGN_IDENTITY[sdk=macosx*]" = "Apple Development";
				CODE_SIGN_STYLE = Automatic;
				COMBINE_HIDPI_IMAGES = YES;
				CURRENT_PROJECT_VERSION = 2;
				DEVELOPMENT_TEAM = 7ZH63NW39S;
				ENABLE_PREVIEWS = YES;
				GENERATE_INFOPLIST_FILE = YES;
				INFOPLIST_KEY_LSUIElement = YES;
				INFOPLIST_KEY_NSHumanReadableCopyright = "";
				LD_RUNPATH_SEARCH_PATHS = (
					"$(inherited)",
					"@executable_path/../Frameworks",
				);
				MACOSX_DEPLOYMENT_TARGET = 14.0;
				MARKETING_VERSION = 1.0.0;
				PRODUCT_BUNDLE_IDENTIFIER = com.solodev.MacToFind;
				PRODUCT_NAME = "$(TARGET_NAME)";
				REGISTER_APP_GROUPS = YES;
				SWIFT_EMIT_LOC_STRINGS = YES;
				SWIFT_VERSION = 5.0;
			};
			name = Release;
		};
		FA6DD3892E6CB11B003B3152 /* Debug */ = {
			isa = XCBuildConfiguration;
			buildSettings = {
				BUNDLE_LOADER = "$(TEST_HOST)";
				CODE_SIGN_STYLE = Automatic;
				CURRENT_PROJECT_VERSION = 2;
				GENERATE_INFOPLIST_FILE = YES;
				MACOSX_DEPLOYMENT_TARGET = 14.0;
				MARKETING_VERSION = 1.0.0;
				PRODUCT_BUNDLE_IDENTIFIER = com.solodev.MacToFindTests;
				PRODUCT_NAME = "$(TARGET_NAME)";
				SWIFT_EMIT_LOC_STRINGS = NO;
				SWIFT_VERSION = 5.0;
				TEST_HOST = "$(BUILT_PRODUCTS_DIR)/MacToFind.app/$(BUNDLE_EXECUTABLE_FOLDER_PATH)/MacToFind";
			};
			name = Debug;
		};
		FA6DD38A2E6CB11B003B3152 /* Release */ = {
			isa = XCBuildConfiguration;
			buildSettings = {
				BUNDLE_LOADER = "$(TEST_HOST)";
				CODE_SIGN_STYLE = Automatic;
				CURRENT_PROJECT_VERSION = 2;
				GENERATE_INFOPLIST_FILE = YES;
				MACOSX_DEPLOYMENT_TARGET = 14.0;
				MARKETING_VERSION = 1.0.0;
				PRODUCT_BUNDLE_IDENTIFIER = com.solodev.MacToFindTests;
				PRODUCT_NAME = "$(TARGET_NAME)";
				SWIFT_EMIT_LOC_STRINGS = NO;
				SWIFT_VERSION = 5.0;
				TEST_HOST = "$(BUILT_PRODUCTS_DIR)/MacToFind.app/$(BUNDLE_EXECUTABLE_FOLDER_PATH)/MacToFind";
			};
			name = Release;
		};
		FA6DD38C2E6CB11B003B3152 /* Debug */ = {
			isa = XCBuildConfiguration;
			buildSettings = {
				CODE_SIGN_STYLE = Automatic;
				CURRENT_PROJECT_VERSION = 2;
				GENERATE_INFOPLIST_FILE = YES;
				MARKETING_VERSION = 1.0.0;
				PRODUCT_BUNDLE_IDENTIFIER = com.solodev.MacToFindUITests;
				PRODUCT_NAME = "$(TARGET_NAME)";
				SWIFT_EMIT_LOC_STRINGS = NO;
				SWIFT_VERSION = 5.0;
				TEST_TARGET_NAME = MacToFind;
			};
			name = Debug;
		};
		FA6DD38D2E6CB11B003B3152 /* Release */ = {
			isa = XCBuildConfiguration;
			buildSettings = {
				CODE_SIGN_STYLE = Automatic;
				CURRENT_PROJECT_VERSION = 2;
				GENERATE_INFOPLIST_FILE = YES;
				MARKETING_VERSION = 1.0.0;
				PRODUCT_BUNDLE_IDENTIFIER = com.solodev.MacToFindUITests;
				PRODUCT_NAME = "$(TARGET_NAME)";
				SWIFT_EMIT_LOC_STRINGS = NO;
				SWIFT_VERSION = 5.0;
				TEST_TARGET_NAME = MacToFind;
			};
			name = Release;
		};
/* End XCBuildConfiguration section */

/* Begin XCConfigurationList section */
		FA6DD35C2E6CB11A003B3152 /* Build configuration list for PBXProject "MacToFind" */ = {
			isa = XCConfigurationList;
			buildConfigurations = (
				FA6DD3832E6CB11B003B3152 /* Debug */,
				FA6DD3842E6CB11B003B3152 /* Release */,
			);
			defaultConfigurationIsVisible = 0;
			defaultConfigurationName = Release;
		};
		FA6DD3852E6CB11B003B3152 /* Build configuration list for PBXNativeTarget "MacToFind" */ = {
			isa = XCConfigurationList;
			buildConfigurations = (
				FA6DD3862E6CB11B003B3152 /* Debug */,
				FA6DD3872E6CB11B003B3152 /* Release */,
			);
			defaultConfigurationIsVisible = 0;
			defaultConfigurationName = Release;
		};
		FA6DD3882E6CB11B003B3152 /* Build configuration list for PBXNativeTarget "MacToFindTests" */ = {
			isa = XCConfigurationList;
			buildConfigurations = (
				FA6DD3892E6CB11B003B3152 /* Debug */,
				FA6DD38A2E6CB11B003B3152 /* Release */,
			);
			defaultConfigurationIsVisible = 0;
			defaultConfigurationName = Release;
		};
		FA6DD38B2E6CB11B003B3152 /* Build configuration list for PBXNativeTarget "MacToFindUITests" */ = {
			isa = XCConfigurationList;
			buildConfigurations = (
				FA6DD38C2E6CB11B003B3152 /* Debug */,
				FA6DD38D2E6CB11B003B3152 /* Release */,
			);
			defaultConfigurationIsVisible = 0;
			defaultConfigurationName = Release;
		};
/* End XCConfigurationList section */
	};
	rootObject = FA6DD3592E6CB11A003B3152 /* Project object */;
}
